<?xml version="1.0" encoding="utf-8"?>
<Project ToolsVersion="4.0" xmlns="http://schemas.microsoft.com/developer/msbuild/2003">
  <ItemGroup>
    <ClCompile Include="PreCompile.cpp">
      <Filter>PreCompile</Filter>
    </ClCompile>
    <ClCompile Include="TitleLevel.cpp">
      <Filter>Level</Filter>
    </ClCompile>
    <ClCompile Include="PlayLevel.cpp">
      <Filter>Level</Filter>
    </ClCompile>
    <ClCompile Include="MapleStoryCore.cpp">
      <Filter>Core</Filter>
    </ClCompile>
    <ClCompile Include="ContentLevel.cpp">
      <Filter>Level\Core</Filter>
    </ClCompile>
    <ClCompile Include="ContentActor.cpp">
      <Filter>Actor\Core</Filter>
    </ClCompile>
    <ClCompile Include="GlobalValue.cpp">
      <Filter>Global</Filter>
    </ClCompile>
    <ClCompile Include="Player.cpp">
      <Filter>Actor\Global\Player</Filter>
    </ClCompile>
    <ClCompile Include="Player_State.cpp">
      <Filter>Actor\Global\Player</Filter>
    </ClCompile>
    <ClCompile Include="ContentSkill.cpp">
      <Filter>Actor\Global\Player\Skill</Filter>
    </ClCompile>
    <ClCompile Include="ContentMap.cpp">
      <Filter>Map</Filter>
    </ClCompile>
    <ClCompile Include="ContentBackGround.cpp">
      <Filter>Map</Filter>
    </ClCompile>
    <ClCompile Include="DoubleJump.cpp">
      <Filter>Actor\Global\Player\Skill</Filter>
    </ClCompile>
    <ClCompile Include="SkillManager.cpp">
      <Filter>Actor\Global\Player\Skill</Filter>
    </ClCompile>
    <ClCompile Include="SongOfHeaven.cpp">
      <Filter>Actor\Global\Player\Skill</Filter>
    </ClCompile>
  </ItemGroup>
  <ItemGroup>
    <ClInclude Include="PreCompile.h">
      <Filter>PreCompile</Filter>
    </ClInclude>
    <ClInclude Include="TitleLevel.h">
      <Filter>Level</Filter>
    </ClInclude>
    <ClInclude Include="PlayLevel.h">
      <Filter>Level</Filter>
    </ClInclude>
    <ClInclude Include="ContentEnum.h">
      <Filter>Global</Filter>
    </ClInclude>
    <ClInclude Include="MapleStoryCore.h">
      <Filter>Core</Filter>
    </ClInclude>
    <ClInclude Include="ContentLevel.h">
      <Filter>Level\Core</Filter>
    </ClInclude>
    <ClInclude Include="ContentActor.h">
      <Filter>Actor\Core</Filter>
    </ClInclude>
    <ClInclude Include="GlobalValue.h">
      <Filter>Global</Filter>
    </ClInclude>
    <ClInclude Include="Player.h">
      <Filter>Actor\Global\Player</Filter>
    </ClInclude>
    <ClInclude Include="ContentSkill.h">
      <Filter>Actor\Global\Player\Skill</Filter>
    </ClInclude>
    <ClInclude Include="ContentMap.h">
      <Filter>Map</Filter>
    </ClInclude>
    <ClInclude Include="ContentBackGround.h">
      <Filter>Map</Filter>
    </ClInclude>
    <ClInclude Include="DoubleJump.h">
      <Filter>Actor\Global\Player\Skill</Filter>
    </ClInclude>
    <ClInclude Include="SkillManager.h">
      <Filter>Actor\Global\Player\Skill</Filter>
    </ClInclude>
    <ClInclude Include="SongOfHeaven.h">
      <Filter>Actor\Global\Player\Skill</Filter>
    </ClInclude>
  </ItemGroup>
  <ItemGroup>
    <Filter Include="PreCompile">
      <UniqueIdentifier>{a8147cbf-7858-41cf-b88a-01ba44e9989d}</UniqueIdentifier>
    </Filter>
    <Filter Include="Level">
      <UniqueIdentifier>{cb2f0316-6985-41b7-806e-7ea3d324d2d0}</UniqueIdentifier>
    </Filter>
    <Filter Include="Global">
      <UniqueIdentifier>{29686895-0276-4b14-b5e6-d934b2ffb772}</UniqueIdentifier>
    </Filter>
    <Filter Include="Core">
      <UniqueIdentifier>{58f17629-03a3-4a80-8f55-b552f165d41a}</UniqueIdentifier>
    </Filter>
    <Filter Include="Level\Core">
      <UniqueIdentifier>{3a42b00d-1ff1-4e2d-9d42-76d5309435f8}</UniqueIdentifier>
    </Filter>
    <Filter Include="Actor">
      <UniqueIdentifier>{f9c9bcd2-c7c9-43f3-a6c6-c217934d2f02}</UniqueIdentifier>
    </Filter>
    <Filter Include="Actor\Global">
      <UniqueIdentifier>{9adc8a88-6577-4c75-9691-de3e25d825de}</UniqueIdentifier>
    </Filter>
    <Filter Include="Actor\Core">
      <UniqueIdentifier>{235a7afc-badc-4ac2-8e10-884433bb746f}</UniqueIdentifier>
    </Filter>
    <Filter Include="Actor\Global\Player">
      <UniqueIdentifier>{f810355f-1e8a-4651-bd3d-271785192891}</UniqueIdentifier>
    </Filter>
    <Filter Include="Actor\Global\Player\Skill">
      <UniqueIdentifier>{d366f8cd-50bf-4517-b4f1-525391c95c6b}</UniqueIdentifier>
    </Filter>
    <Filter Include="Map">
      <UniqueIdentifier>{f11cdf64-126b-4b12-b4fb-b924dfe7abbe}</UniqueIdentifier>
    </Filter>
  </ItemGroup>
</Project>