<?xml version="1.0" encoding="utf-8"?>
<Project ToolsVersion="4.0" xmlns="http://schemas.microsoft.com/developer/msbuild/2003">
  <ItemGroup>
    <ClCompile Include="PreCompile.cpp">
      <Filter>PreCompile</Filter>
    </ClCompile>
    <ClCompile Include="TitleLevel.cpp">
      <Filter>Level</Filter>
    </ClCompile>
    <ClCompile Include="PlayLevel.cpp">
      <Filter>Level</Filter>
    </ClCompile>
    <ClCompile Include="MapleStoryCore.cpp">
      <Filter>Core</Filter>
    </ClCompile>
    <ClCompile Include="ContentLevel.cpp">
      <Filter>Level\Core</Filter>
    </ClCompile>
    <ClCompile Include="ContentActor.cpp">
      <Filter>Actor\Core</Filter>
    </ClCompile>
    <ClCompile Include="GlobalValue.cpp">
      <Filter>Global</Filter>
    </ClCompile>
    <ClCompile Include="Player.cpp">
      <Filter>Actor\Global\Player</Filter>
    </ClCompile>
    <ClCompile Include="Player_State.cpp">
      <Filter>Actor\Global\Player</Filter>
    </ClCompile>
    <ClCompile Include="ContentSkill.cpp">
      <Filter>Actor\Global\Player\Skill</Filter>
    </ClCompile>
    <ClCompile Include="ContentMap.cpp">
      <Filter>Map</Filter>
    </ClCompile>
    <ClCompile Include="ContentBackGround.cpp">
      <Filter>Map</Filter>
    </ClCompile>
    <ClCompile Include="DoubleJump.cpp">
      <Filter>Actor\Global\Player\Skill</Filter>
    </ClCompile>
    <ClCompile Include="SkillManager.cpp">
      <Filter>Actor\Global\Player\Skill</Filter>
    </ClCompile>
    <ClCompile Include="ContentMonster.cpp">
      <Filter>Actor\Monster</Filter>
    </ClCompile>
    <ClCompile Include="FairySpiral.cpp">
      <Filter>Actor\Global\Player\Skill</Filter>
    </ClCompile>
    <ClCompile Include="WindWalk.cpp">
      <Filter>Actor\Global\Player\Skill</Filter>
    </ClCompile>
    <ClCompile Include="SongOfHeaven.cpp">
      <Filter>Actor\Global\Player\Skill\SongOfHeaven</Filter>
    </ClCompile>
    <ClCompile Include="Arrow.cpp">
      <Filter>Actor\Global\Player\Skill\SongOfHeaven</Filter>
    </ClCompile>
    <ClCompile Include="HowlingGale.cpp">
      <Filter>Actor\Global\Player\Skill\HowlingGale</Filter>
    </ClCompile>
    <ClCompile Include="HowlingGale_Actor.cpp">
      <Filter>Actor\Global\Player\Skill\HowlingGale</Filter>
    </ClCompile>
    <ClCompile Include="Monsoon.cpp">
      <Filter>Actor\Global\Player\Skill</Filter>
    </ClCompile>
    <ClCompile Include="VortexSphere.cpp">
      <Filter>Actor\Global\Player\Skill\VortexSphere</Filter>
    </ClCompile>
    <ClCompile Include="VortexSphere_Actor.cpp">
      <Filter>Actor\Global\Player\Skill\VortexSphere</Filter>
    </ClCompile>
    <ClCompile Include="BaseSkillActor.cpp">
      <Filter>Actor\Global\Player\Skill</Filter>
    </ClCompile>
    <ClCompile Include="PhalanxCharge.cpp">
      <Filter>Actor\Global\Player\Skill\PhalanxCharge</Filter>
    </ClCompile>
    <ClCompile Include="PhalanxCharge_Actor.cpp">
      <Filter>Actor\Global\Player\Skill\PhalanxCharge</Filter>
    </ClCompile>
    <ClCompile Include="BaseWindActor.cpp">
      <Filter>Actor\Global\Player\Skill\Wind</Filter>
    </ClCompile>
    <ClCompile Include="MercilessWinds.cpp">
      <Filter>Actor\Global\Player\Skill</Filter>
    </ClCompile>
    <ClCompile Include="Lucid_Phase1.cpp">
      <Filter>Level\Boss_Stage</Filter>
    </ClCompile>
    <ClCompile Include="Boss_Lucid_Phase1.cpp">
      <Filter>Actor\Monster\Boss</Filter>
    </ClCompile>
    <ClCompile Include="BaseBossActor.cpp">
      <Filter>Actor\Monster\Boss</Filter>
    </ClCompile>
    <ClCompile Include="PhantasmalWind.cpp">
      <Filter>Actor\Monster\Boss\SummonActor</Filter>
    </ClCompile>
    <ClCompile Include="Dragon.cpp">
      <Filter>Actor\Monster\Boss\SummonActor</Filter>
    </ClCompile>
    <ClCompile Include="Lucid_Enter.cpp">
      <Filter>Level\Boss_Stage</Filter>
    </ClCompile>
    <ClCompile Include="Laser.cpp">
      <Filter>Actor\Monster\Boss\SummonActor</Filter>
    </ClCompile>
    <ClCompile Include="RenderActor.cpp">
      <Filter>Actor\Global</Filter>
    </ClCompile>
    <ClCompile Include="MushRoom.cpp">
      <Filter>Actor\Monster\Boss\SummonActor</Filter>
    </ClCompile>
    <ClCompile Include="Golem.cpp">
      <Filter>Actor\Monster\Boss\SummonActor</Filter>
    </ClCompile>
    <ClCompile Include="Lucid_Next.cpp">
      <Filter>Level\Boss_Stage</Filter>
    </ClCompile>
    <ClCompile Include="Lucid_Phase2.cpp">
      <Filter>Level\Boss_Stage</Filter>
    </ClCompile>
    <ClCompile Include="Boss_Lucid_Phase2.cpp">
      <Filter>Actor\Monster\Boss</Filter>
    </ClCompile>
    <ClCompile Include="ContentResources.cpp">
      <Filter>Core</Filter>
    </ClCompile>
    <ClCompile Include="CutsceneActor.cpp">
      <Filter>Level\Actor</Filter>
    </ClCompile>
    <ClCompile Include="FadeObject.cpp">
      <Filter>Level\Actor</Filter>
    </ClCompile>
    <ClCompile Include="ServerLevel.cpp">
      <Filter>Level</Filter>
    </ClCompile>
  </ItemGroup>
  <ItemGroup>
    <ClInclude Include="PreCompile.h">
      <Filter>PreCompile</Filter>
    </ClInclude>
    <ClInclude Include="TitleLevel.h">
      <Filter>Level</Filter>
    </ClInclude>
    <ClInclude Include="PlayLevel.h">
      <Filter>Level</Filter>
    </ClInclude>
    <ClInclude Include="ContentEnum.h">
      <Filter>Global</Filter>
    </ClInclude>
    <ClInclude Include="MapleStoryCore.h">
      <Filter>Core</Filter>
    </ClInclude>
    <ClInclude Include="ContentLevel.h">
      <Filter>Level\Core</Filter>
    </ClInclude>
    <ClInclude Include="ContentActor.h">
      <Filter>Actor\Core</Filter>
    </ClInclude>
    <ClInclude Include="GlobalValue.h">
      <Filter>Global</Filter>
    </ClInclude>
    <ClInclude Include="Player.h">
      <Filter>Actor\Global\Player</Filter>
    </ClInclude>
    <ClInclude Include="ContentSkill.h">
      <Filter>Actor\Global\Player\Skill</Filter>
    </ClInclude>
    <ClInclude Include="ContentMap.h">
      <Filter>Map</Filter>
    </ClInclude>
    <ClInclude Include="ContentBackGround.h">
      <Filter>Map</Filter>
    </ClInclude>
    <ClInclude Include="DoubleJump.h">
      <Filter>Actor\Global\Player\Skill</Filter>
    </ClInclude>
    <ClInclude Include="SkillManager.h">
      <Filter>Actor\Global\Player\Skill</Filter>
    </ClInclude>
    <ClInclude Include="ContentMonster.h">
      <Filter>Actor\Monster</Filter>
    </ClInclude>
    <ClInclude Include="FairySpiral.h">
      <Filter>Actor\Global\Player\Skill</Filter>
    </ClInclude>
    <ClInclude Include="WindWalk.h">
      <Filter>Actor\Global\Player\Skill</Filter>
    </ClInclude>
    <ClInclude Include="SongOfHeaven.h">
      <Filter>Actor\Global\Player\Skill\SongOfHeaven</Filter>
    </ClInclude>
    <ClInclude Include="Arrow.h">
      <Filter>Actor\Global\Player\Skill\SongOfHeaven</Filter>
    </ClInclude>
    <ClInclude Include="HowlingGale_Actor.h">
      <Filter>Actor\Global\Player\Skill\HowlingGale</Filter>
    </ClInclude>
    <ClInclude Include="HowlingGale.h">
      <Filter>Actor\Global\Player\Skill\HowlingGale</Filter>
    </ClInclude>
    <ClInclude Include="Monsoon.h">
      <Filter>Actor\Global\Player\Skill</Filter>
    </ClInclude>
    <ClInclude Include="VortexSphere.h">
      <Filter>Actor\Global\Player\Skill\VortexSphere</Filter>
    </ClInclude>
    <ClInclude Include="VortexSphere_Actor.h">
      <Filter>Actor\Global\Player\Skill\VortexSphere</Filter>
    </ClInclude>
    <ClInclude Include="BaseSkillActor.h">
      <Filter>Actor\Global\Player\Skill</Filter>
    </ClInclude>
    <ClInclude Include="PhalanxCharge.h">
      <Filter>Actor\Global\Player\Skill\PhalanxCharge</Filter>
    </ClInclude>
    <ClInclude Include="PhalanxCharge_Actor.h">
      <Filter>Actor\Global\Player\Skill\PhalanxCharge</Filter>
    </ClInclude>
    <ClInclude Include="BaseWindActor.h">
      <Filter>Actor\Global\Player\Skill\Wind</Filter>
    </ClInclude>
    <ClInclude Include="MercilessWinds.h">
      <Filter>Actor\Global\Player\Skill</Filter>
    </ClInclude>
    <ClInclude Include="Lucid_Phase1.h">
      <Filter>Level\Boss_Stage</Filter>
    </ClInclude>
    <ClInclude Include="Boss_Lucid_Phase1.h">
      <Filter>Actor\Monster\Boss</Filter>
    </ClInclude>
    <ClInclude Include="BaseBossActor.h">
      <Filter>Actor\Monster\Boss</Filter>
    </ClInclude>
    <ClInclude Include="PhantasmalWind.h">
      <Filter>Actor\Monster\Boss\SummonActor</Filter>
    </ClInclude>
    <ClInclude Include="Dragon.h">
      <Filter>Actor\Monster\Boss\SummonActor</Filter>
    </ClInclude>
    <ClInclude Include="Lucid_Enter.h">
      <Filter>Level\Boss_Stage</Filter>
    </ClInclude>
    <ClInclude Include="Laser.h">
      <Filter>Actor\Monster\Boss\SummonActor</Filter>
    </ClInclude>
    <ClInclude Include="RenderActor.h">
      <Filter>Actor\Global</Filter>
    </ClInclude>
    <ClInclude Include="MushRoom.h">
      <Filter>Actor\Monster\Boss\SummonActor</Filter>
    </ClInclude>
    <ClInclude Include="Golem.h">
      <Filter>Actor\Monster\Boss\SummonActor</Filter>
    </ClInclude>
    <ClInclude Include="Lucid_Next.h">
      <Filter>Level\Boss_Stage</Filter>
    </ClInclude>
    <ClInclude Include="Lucid_Phase2.h">
      <Filter>Level\Boss_Stage</Filter>
    </ClInclude>
    <ClInclude Include="Boss_Lucid_Phase2.h">
      <Filter>Actor\Monster\Boss</Filter>
    </ClInclude>
    <ClInclude Include="ContentResources.h">
      <Filter>Core</Filter>
    </ClInclude>
    <ClInclude Include="CutsceneActor.h">
      <Filter>Level\Actor</Filter>
    </ClInclude>
    <ClInclude Include="FadeObject.h">
      <Filter>Level\Actor</Filter>
    </ClInclude>
    <ClInclude Include="ServerLevel.h">
      <Filter>Level</Filter>
    </ClInclude>
  </ItemGroup>
  <ItemGroup>
    <Filter Include="PreCompile">
      <UniqueIdentifier>{a8147cbf-7858-41cf-b88a-01ba44e9989d}</UniqueIdentifier>
    </Filter>
    <Filter Include="Level">
      <UniqueIdentifier>{cb2f0316-6985-41b7-806e-7ea3d324d2d0}</UniqueIdentifier>
    </Filter>
    <Filter Include="Global">
      <UniqueIdentifier>{29686895-0276-4b14-b5e6-d934b2ffb772}</UniqueIdentifier>
    </Filter>
    <Filter Include="Core">
      <UniqueIdentifier>{58f17629-03a3-4a80-8f55-b552f165d41a}</UniqueIdentifier>
    </Filter>
    <Filter Include="Level\Core">
      <UniqueIdentifier>{3a42b00d-1ff1-4e2d-9d42-76d5309435f8}</UniqueIdentifier>
    </Filter>
    <Filter Include="Actor">
      <UniqueIdentifier>{f9c9bcd2-c7c9-43f3-a6c6-c217934d2f02}</UniqueIdentifier>
    </Filter>
    <Filter Include="Actor\Global">
      <UniqueIdentifier>{9adc8a88-6577-4c75-9691-de3e25d825de}</UniqueIdentifier>
    </Filter>
    <Filter Include="Actor\Core">
      <UniqueIdentifier>{235a7afc-badc-4ac2-8e10-884433bb746f}</UniqueIdentifier>
    </Filter>
    <Filter Include="Actor\Global\Player">
      <UniqueIdentifier>{f810355f-1e8a-4651-bd3d-271785192891}</UniqueIdentifier>
    </Filter>
    <Filter Include="Actor\Global\Player\Skill">
      <UniqueIdentifier>{d366f8cd-50bf-4517-b4f1-525391c95c6b}</UniqueIdentifier>
    </Filter>
    <Filter Include="Map">
      <UniqueIdentifier>{f11cdf64-126b-4b12-b4fb-b924dfe7abbe}</UniqueIdentifier>
    </Filter>
    <Filter Include="Actor\Monster">
      <UniqueIdentifier>{433ecfa3-66f1-4dd7-905d-0a6b936273d2}</UniqueIdentifier>
    </Filter>
    <Filter Include="Actor\Global\Player\Skill\SongOfHeaven">
      <UniqueIdentifier>{e3ddcb3f-fc8e-4fb7-a4ca-87e76b1f285c}</UniqueIdentifier>
    </Filter>
    <Filter Include="Actor\Global\Player\Skill\HowlingGale">
      <UniqueIdentifier>{d77d0c35-e470-4a68-8d11-b7bcac9f97ca}</UniqueIdentifier>
    </Filter>
    <Filter Include="Actor\Global\Player\Skill\VortexSphere">
      <UniqueIdentifier>{9625fade-caa8-46c3-a516-8326e7a9a99a}</UniqueIdentifier>
    </Filter>
    <Filter Include="Actor\Global\Player\Skill\PhalanxCharge">
      <UniqueIdentifier>{ae6bd983-cf86-4570-8cc2-9030a0a44e85}</UniqueIdentifier>
    </Filter>
    <Filter Include="Actor\Global\Player\Skill\Wind">
      <UniqueIdentifier>{023d86bb-5574-4445-8dd3-55b2db2d4e56}</UniqueIdentifier>
    </Filter>
    <Filter Include="Level\Boss_Stage">
      <UniqueIdentifier>{11ecaecb-e770-4fb5-bf1a-80380412cdaf}</UniqueIdentifier>
    </Filter>
    <Filter Include="Actor\Monster\Boss">
      <UniqueIdentifier>{a421ec7f-2295-4e5d-81c6-cfe3f1a81bee}</UniqueIdentifier>
    </Filter>
    <Filter Include="Actor\Monster\Boss\SummonActor">
      <UniqueIdentifier>{d55e9272-96d5-4838-85df-8981fa05f30b}</UniqueIdentifier>
    </Filter>
    <Filter Include="Level\Actor">
      <UniqueIdentifier>{5a8f65e3-df48-41f5-aca2-d6ef0a3de220}</UniqueIdentifier>
    </Filter>
  </ItemGroup>
</Project>