<?xml version="1.0" encoding="utf-8"?>
<Project ToolsVersion="4.0" xmlns="http://schemas.microsoft.com/developer/msbuild/2003">
  <ItemGroup>
    <FxCompile Include="ColorShader.fx" />
    <FxCompile Include="RenderBase.fx">
      <Filter>Header</Filter>
    </FxCompile>
    <FxCompile Include="Transform.fx">
      <Filter>Header</Filter>
    </FxCompile>
    <FxCompile Include="TextureShader.fx">
      <Filter>2D</Filter>
    </FxCompile>
    <FxCompile Include="DebugColorShader.fx">
      <Filter>Debug</Filter>
    </FxCompile>
    <FxCompile Include="DebugLineShader.fx">
      <Filter>Debug</Filter>
    </FxCompile>
    <FxCompile Include="TargetMerge.fx">
      <Filter>Traget</Filter>
    </FxCompile>
    <FxCompile Include="FadePostEffect.fx">
      <Filter>Effect</Filter>
    </FxCompile>
    <FxCompile Include="BlurPostEffect.fx">
      <Filter>Effect</Filter>
    </FxCompile>
    <FxCompile Include="Function.fx">
      <Filter>Header</Filter>
    </FxCompile>
    <FxCompile Include="ParticleUpdate.fx">
      <Filter>Particle</Filter>
    </FxCompile>
  </ItemGroup>
  <ItemGroup>
    <Text Include="쉐이더 규칙.txt" />
  </ItemGroup>
  <ItemGroup>
    <Filter Include="Header">
      <UniqueIdentifier>{6433ef69-eff3-47c6-bd3a-d17709839a0e}</UniqueIdentifier>
    </Filter>
    <Filter Include="2D">
      <UniqueIdentifier>{735b5086-e2a8-4984-9535-d80a0c3e595f}</UniqueIdentifier>
    </Filter>
    <Filter Include="Debug">
      <UniqueIdentifier>{d1abce6c-26d7-4d2d-b467-2280be86aba1}</UniqueIdentifier>
    </Filter>
    <Filter Include="Traget">
      <UniqueIdentifier>{44ee71b2-e326-43f1-ba93-ba94b126dc48}</UniqueIdentifier>
    </Filter>
    <Filter Include="Effect">
      <UniqueIdentifier>{48d655bb-5a90-403f-b7aa-f7843f6979fe}</UniqueIdentifier>
    </Filter>
    <Filter Include="Particle">
      <UniqueIdentifier>{27b98775-afa7-4c19-94d7-e4b5a5e251f3}</UniqueIdentifier>
    </Filter>
  </ItemGroup>
</Project>